
Microsoft Visual Studio Solution File, Format Version 12.00
# Visual Studio Version 17
VisualStudioVersion = 17.8.34525.116
MinimumVisualStudioVersion = 10.0.40219.1
Project("{FAE04EC0-301F-11D3-BF4B-00C04F79EFBC}") = "Week9Lists", "Week9Lists\Week9Lists.csproj", "{7D6DC598-75E0-4D59-AD39-E3B85BFC417D}"
EndProject
Global
	GlobalSection(SolutionConfigurationPlatforms) = preSolution
		Debug|Any CPU = Debug|Any CPU
		Release|Any CPU = Release|Any CPU
	EndGlobalSection
	GlobalSection(ProjectConfigurationPlatforms) = postSolution
		{7D6DC598-75E0-4D59-AD39-E3B85BFC417D}.Debug|Any CPU.ActiveCfg = Debug|Any CPU
		{7D6DC598-75E0-4D59-AD39-E3B85BFC417D}.Debug|Any CPU.Build.0 = Debug|Any CPU
		{7D6DC598-75E0-4D59-AD39-E3B85BFC417D}.Release|Any CPU.ActiveCfg = Release|Any CPU
		{7D6DC598-75E0-4D59-AD39-E3B85BFC417D}.Release|Any CPU.Build.0 = Release|Any CPU
	EndGlobalSection
	GlobalSection(SolutionProperties) = preSolution
		HideSolutionNode = FALSE
	EndGlobalSection
	GlobalSection(ExtensibilityGlobals) = postSolution
		SolutionGuid = {17157017-3603-44E7-8DCE-956D769F20CE}
	EndGlobalSection
EndGlobal
